
Microsoft Visual Studio Solution File, Format Version 12.00
# Visual Studio Version 16
VisualStudioVersion = 16.0.30907.101
MinimumVisualStudioVersion = 10.0.40219.1
Project("{9A19103F-16F7-4668-BE54-9A1E7A4F7556}") = "Estruturas de Dados", "Estrutura de Dados\Estruturas de Dados.csproj", "{7538DEE7-0E1C-4BFD-B285-1A39469DEE76}"
EndProject
Project("{9A19103F-16F7-4668-BE54-9A1E7A4F7556}") = "Tratamento de Exceções", "Tratamento de Exceções\Tratamento de Exceções.csproj", "{73408154-9B14-46DA-ADE5-7712DF34735A}"
EndProject
Project("{9A19103F-16F7-4668-BE54-9A1E7A4F7556}") = "Tópicos Especiais 02", "Tópicos Especiais 02\Tópicos Especiais 02.csproj", "{475789DF-99E3-467F-B08C-0E3912989F02}"
EndProject
Project("{9A19103F-16F7-4668-BE54-9A1E7A4F7556}") = "POO Encapsulamento", "POO Encapsulamento\POO Encapsulamento.csproj", "{07BB5E22-9F97-40B2-95BB-53175328656B}"
EndProject
Project("{9A19103F-16F7-4668-BE54-9A1E7A4F7556}") = "POO Herança e Polimorfismo", "POO Herança e Polimorfismo\POO Herança e Polimorfismo.csproj", "{42223E4B-7529-467E-A27B-A3044EE8CE58}"
EndProject
Project("{9A19103F-16F7-4668-BE54-9A1E7A4F7556}") = "Tópicos Especiais 01", "Tópicos Especiais 01\Tópicos Especiais 01.csproj", "{5450D4CD-8F64-4ECA-A1C7-1E5FB78B470D}"
EndProject
Project("{9A19103F-16F7-4668-BE54-9A1E7A4F7556}") = "Enumerações e Composições", "Enumerações e Composições\Enumerações e Composições.csproj", "{25DD92B7-73B6-411F-BF37-963C01FA8244}"
EndProject
Project("{9A19103F-16F7-4668-BE54-9A1E7A4F7556}") = "01 - Tudo Bank", "01 - Tudo Bank\01 - Tudo Bank.csproj", "{69C0190A-29F2-4AAD-AADA-80059D142EF6}"
EndProject
Global
	GlobalSection(SolutionConfigurationPlatforms) = preSolution
		Debug|Any CPU = Debug|Any CPU
		Release|Any CPU = Release|Any CPU
	EndGlobalSection
	GlobalSection(ProjectConfigurationPlatforms) = postSolution
		{7538DEE7-0E1C-4BFD-B285-1A39469DEE76}.Debug|Any CPU.ActiveCfg = Debug|Any CPU
		{7538DEE7-0E1C-4BFD-B285-1A39469DEE76}.Debug|Any CPU.Build.0 = Debug|Any CPU
		{7538DEE7-0E1C-4BFD-B285-1A39469DEE76}.Release|Any CPU.ActiveCfg = Release|Any CPU
		{7538DEE7-0E1C-4BFD-B285-1A39469DEE76}.Release|Any CPU.Build.0 = Release|Any CPU
		{73408154-9B14-46DA-ADE5-7712DF34735A}.Debug|Any CPU.ActiveCfg = Debug|Any CPU
		{73408154-9B14-46DA-ADE5-7712DF34735A}.Debug|Any CPU.Build.0 = Debug|Any CPU
		{73408154-9B14-46DA-ADE5-7712DF34735A}.Release|Any CPU.ActiveCfg = Release|Any CPU
		{73408154-9B14-46DA-ADE5-7712DF34735A}.Release|Any CPU.Build.0 = Release|Any CPU
		{475789DF-99E3-467F-B08C-0E3912989F02}.Debug|Any CPU.ActiveCfg = Debug|Any CPU
		{475789DF-99E3-467F-B08C-0E3912989F02}.Debug|Any CPU.Build.0 = Debug|Any CPU
		{475789DF-99E3-467F-B08C-0E3912989F02}.Release|Any CPU.ActiveCfg = Release|Any CPU
		{475789DF-99E3-467F-B08C-0E3912989F02}.Release|Any CPU.Build.0 = Release|Any CPU
		{07BB5E22-9F97-40B2-95BB-53175328656B}.Debug|Any CPU.ActiveCfg = Debug|Any CPU
		{07BB5E22-9F97-40B2-95BB-53175328656B}.Debug|Any CPU.Build.0 = Debug|Any CPU
		{07BB5E22-9F97-40B2-95BB-53175328656B}.Release|Any CPU.ActiveCfg = Release|Any CPU
		{07BB5E22-9F97-40B2-95BB-53175328656B}.Release|Any CPU.Build.0 = Release|Any CPU
		{42223E4B-7529-467E-A27B-A3044EE8CE58}.Debug|Any CPU.ActiveCfg = Debug|Any CPU
		{42223E4B-7529-467E-A27B-A3044EE8CE58}.Debug|Any CPU.Build.0 = Debug|Any CPU
		{42223E4B-7529-467E-A27B-A3044EE8CE58}.Release|Any CPU.ActiveCfg = Release|Any CPU
		{42223E4B-7529-467E-A27B-A3044EE8CE58}.Release|Any CPU.Build.0 = Release|Any CPU
		{5450D4CD-8F64-4ECA-A1C7-1E5FB78B470D}.Debug|Any CPU.ActiveCfg = Debug|Any CPU
		{5450D4CD-8F64-4ECA-A1C7-1E5FB78B470D}.Debug|Any CPU.Build.0 = Debug|Any CPU
		{5450D4CD-8F64-4ECA-A1C7-1E5FB78B470D}.Release|Any CPU.ActiveCfg = Release|Any CPU
		{5450D4CD-8F64-4ECA-A1C7-1E5FB78B470D}.Release|Any CPU.Build.0 = Release|Any CPU
		{25DD92B7-73B6-411F-BF37-963C01FA8244}.Debug|Any CPU.ActiveCfg = Debug|Any CPU
		{25DD92B7-73B6-411F-BF37-963C01FA8244}.Debug|Any CPU.Build.0 = Debug|Any CPU
		{25DD92B7-73B6-411F-BF37-963C01FA8244}.Release|Any CPU.ActiveCfg = Release|Any CPU
		{25DD92B7-73B6-411F-BF37-963C01FA8244}.Release|Any CPU.Build.0 = Release|Any CPU
		{69C0190A-29F2-4AAD-AADA-80059D142EF6}.Debug|Any CPU.ActiveCfg = Debug|Any CPU
		{69C0190A-29F2-4AAD-AADA-80059D142EF6}.Debug|Any CPU.Build.0 = Debug|Any CPU
		{69C0190A-29F2-4AAD-AADA-80059D142EF6}.Release|Any CPU.ActiveCfg = Release|Any CPU
		{69C0190A-29F2-4AAD-AADA-80059D142EF6}.Release|Any CPU.Build.0 = Release|Any CPU
	EndGlobalSection
	GlobalSection(SolutionProperties) = preSolution
		HideSolutionNode = FALSE
	EndGlobalSection
	GlobalSection(ExtensibilityGlobals) = postSolution
		SolutionGuid = {30CFA814-2AAB-40CA-8358-2320EBFB2E65}
	EndGlobalSection
EndGlobal
