
Microsoft Visual Studio Solution File, Format Version 12.00
# Visual Studio Version 16
VisualStudioVersion = 16.0.30907.101
MinimumVisualStudioVersion = 10.0.40219.1
Project("{9A19103F-16F7-4668-BE54-9A1E7A4F7556}") = "01_Encapsulamento", "01_Encapsulamento\01_Encapsulamento.csproj", "{5BF6B15C-308B-435E-B541-214EDB663084}"
EndProject
Project("{9A19103F-16F7-4668-BE54-9A1E7A4F7556}") = "02_EstruturasDados", "02_Estrutura_ de_ Dados\02_EstruturasDados.csproj", "{9065C5DA-DDBB-49C0-87C0-59E83FB7716A}"
EndProject
Project("{9A19103F-16F7-4668-BE54-9A1E7A4F7556}") = "03_TópicosEspeciais", "03_TópicosEspeciais_01\03_TópicosEspeciais.csproj", "{98D7A780-5950-432E-819B-107334501769}"
EndProject
Project("{9A19103F-16F7-4668-BE54-9A1E7A4F7556}") = "05_HerançaPolimorfismo", "05_Herança_Polimorfismo\05_HerançaPolimorfismo.csproj", "{83A63A76-BC9B-4C6C-921A-38BF2F38F346}"
EndProject
Project("{9A19103F-16F7-4668-BE54-9A1E7A4F7556}") = "06_TratamentoExceções", "06_Tratamento_Exceções\06_TratamentoExceções.csproj", "{91ADB66C-640B-4843-A0CA-FB26BC45DFD2}"
EndProject
Project("{9A19103F-16F7-4668-BE54-9A1E7A4F7556}") = "04_EnumeraçõesComposições", "04_Enumerações_Composição\04_EnumeraçõesComposições.csproj", "{1BB3B3E8-58F9-4F52-A338-E4A0E76C3559}"
EndProject
Project("{9A19103F-16F7-4668-BE54-9A1E7A4F7556}") = "07_ChessGameProject", "07_ChessGameProject\07_ChessGameProject.csproj", "{9240BBBB-C25E-4BE7-A860-D94D9C828267}"
EndProject
Project("{9A19103F-16F7-4668-BE54-9A1E7A4F7556}") = "08_Arquivos", "08_Arquivos\08_Arquivos.csproj", "{8121C72F-8F3B-4DC7-BC4E-881347AAD291}"
EndProject
Project("{9A19103F-16F7-4668-BE54-9A1E7A4F7556}") = "09.02_SolutionWithInteface", "09.02_SolutionWithInteface\09.02_SolutionWithInteface.csproj", "{98009A07-F3A6-47F9-9D31-57A9D7D80035}"
EndProject
Project("{9A19103F-16F7-4668-BE54-9A1E7A4F7556}") = "09.03_InterfaceExercise", "09.03_InterfaceExercise\09.03_InterfaceExercise.csproj", "{CE38B5F2-0177-4EEC-8A81-D96D1FEAE4AE}"
EndProject
Project("{9A19103F-16F7-4668-BE54-9A1E7A4F7556}") = "09.04_HerançaMúltipla", "09.04_HerançaMúltipla\09.04_HerançaMúltipla.csproj", "{D4577E91-69AF-4700-88D1-172D475BB92A}"
EndProject
Project("{9A19103F-16F7-4668-BE54-9A1E7A4F7556}") = "09.05_IterfaceIComparable", "09.05_IterfaceIComparable\09.05_IterfaceIComparable.csproj", "{C91BB02A-0FE3-423C-A9D1-EA65228172D9}"
EndProject
Project("{9A19103F-16F7-4668-BE54-9A1E7A4F7556}") = "10.02_Generics", "10.02_Generics\10.02_Generics.csproj", "{A9DEBF73-AD20-47C6-BFFF-591182C19C16}"
EndProject
Project("{9A19103F-16F7-4668-BE54-9A1E7A4F7556}") = "10.03_Generics", "10.03_Generics\10.03_Generics.csproj", "{54E56B1E-2D96-41CD-899B-00CA9F653E29}"
EndProject
Project("{9A19103F-16F7-4668-BE54-9A1E7A4F7556}") = "10.04_Generics", "10.04_Generics\10.04_Generics.csproj", "{60DC4C28-64DF-4946-87CA-5B39E5065276}"
EndProject
Project("{9A19103F-16F7-4668-BE54-9A1E7A4F7556}") = "10.01_Generics", "10.01_Generics\10.01_Generics.csproj", "{6FFC9B4B-F595-418E-B4BD-E1C505E34AB8}"
EndProject
Project("{9A19103F-16F7-4668-BE54-9A1E7A4F7556}") = "09.01_SolutionWithoutInterface", "09.01_Interfaces\09.01_SolutionWithoutInterface.csproj", "{675D421C-082E-4FA2-AA32-C87269401B1A}"
EndProject
Global
	GlobalSection(SolutionConfigurationPlatforms) = preSolution
		Debug|Any CPU = Debug|Any CPU
		Release|Any CPU = Release|Any CPU
	EndGlobalSection
	GlobalSection(ProjectConfigurationPlatforms) = postSolution
		{5BF6B15C-308B-435E-B541-214EDB663084}.Debug|Any CPU.ActiveCfg = Debug|Any CPU
		{5BF6B15C-308B-435E-B541-214EDB663084}.Debug|Any CPU.Build.0 = Debug|Any CPU
		{5BF6B15C-308B-435E-B541-214EDB663084}.Release|Any CPU.ActiveCfg = Release|Any CPU
		{5BF6B15C-308B-435E-B541-214EDB663084}.Release|Any CPU.Build.0 = Release|Any CPU
		{9065C5DA-DDBB-49C0-87C0-59E83FB7716A}.Debug|Any CPU.ActiveCfg = Debug|Any CPU
		{9065C5DA-DDBB-49C0-87C0-59E83FB7716A}.Debug|Any CPU.Build.0 = Debug|Any CPU
		{9065C5DA-DDBB-49C0-87C0-59E83FB7716A}.Release|Any CPU.ActiveCfg = Release|Any CPU
		{9065C5DA-DDBB-49C0-87C0-59E83FB7716A}.Release|Any CPU.Build.0 = Release|Any CPU
		{98D7A780-5950-432E-819B-107334501769}.Debug|Any CPU.ActiveCfg = Debug|Any CPU
		{98D7A780-5950-432E-819B-107334501769}.Debug|Any CPU.Build.0 = Debug|Any CPU
		{98D7A780-5950-432E-819B-107334501769}.Release|Any CPU.ActiveCfg = Release|Any CPU
		{98D7A780-5950-432E-819B-107334501769}.Release|Any CPU.Build.0 = Release|Any CPU
		{83A63A76-BC9B-4C6C-921A-38BF2F38F346}.Debug|Any CPU.ActiveCfg = Debug|Any CPU
		{83A63A76-BC9B-4C6C-921A-38BF2F38F346}.Debug|Any CPU.Build.0 = Debug|Any CPU
		{83A63A76-BC9B-4C6C-921A-38BF2F38F346}.Release|Any CPU.ActiveCfg = Release|Any CPU
		{83A63A76-BC9B-4C6C-921A-38BF2F38F346}.Release|Any CPU.Build.0 = Release|Any CPU
		{91ADB66C-640B-4843-A0CA-FB26BC45DFD2}.Debug|Any CPU.ActiveCfg = Debug|Any CPU
		{91ADB66C-640B-4843-A0CA-FB26BC45DFD2}.Debug|Any CPU.Build.0 = Debug|Any CPU
		{91ADB66C-640B-4843-A0CA-FB26BC45DFD2}.Release|Any CPU.ActiveCfg = Release|Any CPU
		{91ADB66C-640B-4843-A0CA-FB26BC45DFD2}.Release|Any CPU.Build.0 = Release|Any CPU
		{1BB3B3E8-58F9-4F52-A338-E4A0E76C3559}.Debug|Any CPU.ActiveCfg = Debug|Any CPU
		{1BB3B3E8-58F9-4F52-A338-E4A0E76C3559}.Debug|Any CPU.Build.0 = Debug|Any CPU
		{1BB3B3E8-58F9-4F52-A338-E4A0E76C3559}.Release|Any CPU.ActiveCfg = Release|Any CPU
		{1BB3B3E8-58F9-4F52-A338-E4A0E76C3559}.Release|Any CPU.Build.0 = Release|Any CPU
		{9240BBBB-C25E-4BE7-A860-D94D9C828267}.Debug|Any CPU.ActiveCfg = Debug|Any CPU
		{9240BBBB-C25E-4BE7-A860-D94D9C828267}.Debug|Any CPU.Build.0 = Debug|Any CPU
		{9240BBBB-C25E-4BE7-A860-D94D9C828267}.Release|Any CPU.ActiveCfg = Release|Any CPU
		{9240BBBB-C25E-4BE7-A860-D94D9C828267}.Release|Any CPU.Build.0 = Release|Any CPU
		{8121C72F-8F3B-4DC7-BC4E-881347AAD291}.Debug|Any CPU.ActiveCfg = Debug|Any CPU
		{8121C72F-8F3B-4DC7-BC4E-881347AAD291}.Debug|Any CPU.Build.0 = Debug|Any CPU
		{8121C72F-8F3B-4DC7-BC4E-881347AAD291}.Release|Any CPU.ActiveCfg = Release|Any CPU
		{8121C72F-8F3B-4DC7-BC4E-881347AAD291}.Release|Any CPU.Build.0 = Release|Any CPU
		{98009A07-F3A6-47F9-9D31-57A9D7D80035}.Debug|Any CPU.ActiveCfg = Debug|Any CPU
		{98009A07-F3A6-47F9-9D31-57A9D7D80035}.Debug|Any CPU.Build.0 = Debug|Any CPU
		{98009A07-F3A6-47F9-9D31-57A9D7D80035}.Release|Any CPU.ActiveCfg = Release|Any CPU
		{98009A07-F3A6-47F9-9D31-57A9D7D80035}.Release|Any CPU.Build.0 = Release|Any CPU
		{CE38B5F2-0177-4EEC-8A81-D96D1FEAE4AE}.Debug|Any CPU.ActiveCfg = Debug|Any CPU
		{CE38B5F2-0177-4EEC-8A81-D96D1FEAE4AE}.Debug|Any CPU.Build.0 = Debug|Any CPU
		{CE38B5F2-0177-4EEC-8A81-D96D1FEAE4AE}.Release|Any CPU.ActiveCfg = Release|Any CPU
		{CE38B5F2-0177-4EEC-8A81-D96D1FEAE4AE}.Release|Any CPU.Build.0 = Release|Any CPU
		{D4577E91-69AF-4700-88D1-172D475BB92A}.Debug|Any CPU.ActiveCfg = Debug|Any CPU
		{D4577E91-69AF-4700-88D1-172D475BB92A}.Debug|Any CPU.Build.0 = Debug|Any CPU
		{D4577E91-69AF-4700-88D1-172D475BB92A}.Release|Any CPU.ActiveCfg = Release|Any CPU
		{D4577E91-69AF-4700-88D1-172D475BB92A}.Release|Any CPU.Build.0 = Release|Any CPU
		{C91BB02A-0FE3-423C-A9D1-EA65228172D9}.Debug|Any CPU.ActiveCfg = Debug|Any CPU
		{C91BB02A-0FE3-423C-A9D1-EA65228172D9}.Debug|Any CPU.Build.0 = Debug|Any CPU
		{C91BB02A-0FE3-423C-A9D1-EA65228172D9}.Release|Any CPU.ActiveCfg = Release|Any CPU
		{C91BB02A-0FE3-423C-A9D1-EA65228172D9}.Release|Any CPU.Build.0 = Release|Any CPU
		{A9DEBF73-AD20-47C6-BFFF-591182C19C16}.Debug|Any CPU.ActiveCfg = Debug|Any CPU
		{A9DEBF73-AD20-47C6-BFFF-591182C19C16}.Debug|Any CPU.Build.0 = Debug|Any CPU
		{A9DEBF73-AD20-47C6-BFFF-591182C19C16}.Release|Any CPU.ActiveCfg = Release|Any CPU
		{A9DEBF73-AD20-47C6-BFFF-591182C19C16}.Release|Any CPU.Build.0 = Release|Any CPU
		{54E56B1E-2D96-41CD-899B-00CA9F653E29}.Debug|Any CPU.ActiveCfg = Debug|Any CPU
		{54E56B1E-2D96-41CD-899B-00CA9F653E29}.Debug|Any CPU.Build.0 = Debug|Any CPU
		{54E56B1E-2D96-41CD-899B-00CA9F653E29}.Release|Any CPU.ActiveCfg = Release|Any CPU
		{54E56B1E-2D96-41CD-899B-00CA9F653E29}.Release|Any CPU.Build.0 = Release|Any CPU
		{60DC4C28-64DF-4946-87CA-5B39E5065276}.Debug|Any CPU.ActiveCfg = Debug|Any CPU
		{60DC4C28-64DF-4946-87CA-5B39E5065276}.Debug|Any CPU.Build.0 = Debug|Any CPU
		{60DC4C28-64DF-4946-87CA-5B39E5065276}.Release|Any CPU.ActiveCfg = Release|Any CPU
		{60DC4C28-64DF-4946-87CA-5B39E5065276}.Release|Any CPU.Build.0 = Release|Any CPU
		{6FFC9B4B-F595-418E-B4BD-E1C505E34AB8}.Debug|Any CPU.ActiveCfg = Debug|Any CPU
		{6FFC9B4B-F595-418E-B4BD-E1C505E34AB8}.Debug|Any CPU.Build.0 = Debug|Any CPU
		{6FFC9B4B-F595-418E-B4BD-E1C505E34AB8}.Release|Any CPU.ActiveCfg = Release|Any CPU
		{6FFC9B4B-F595-418E-B4BD-E1C505E34AB8}.Release|Any CPU.Build.0 = Release|Any CPU
		{675D421C-082E-4FA2-AA32-C87269401B1A}.Debug|Any CPU.ActiveCfg = Debug|Any CPU
		{675D421C-082E-4FA2-AA32-C87269401B1A}.Debug|Any CPU.Build.0 = Debug|Any CPU
		{675D421C-082E-4FA2-AA32-C87269401B1A}.Release|Any CPU.ActiveCfg = Release|Any CPU
		{675D421C-082E-4FA2-AA32-C87269401B1A}.Release|Any CPU.Build.0 = Release|Any CPU
	EndGlobalSection
	GlobalSection(SolutionProperties) = preSolution
		HideSolutionNode = FALSE
	EndGlobalSection
	GlobalSection(ExtensibilityGlobals) = postSolution
		SolutionGuid = {30CFA814-2AAB-40CA-8358-2320EBFB2E65}
	EndGlobalSection
EndGlobal
