
Microsoft Visual Studio Solution File, Format Version 12.00
# Visual Studio Version 16
VisualStudioVersion = 16.0.30907.101
MinimumVisualStudioVersion = 10.0.40219.1
Project("{9A19103F-16F7-4668-BE54-9A1E7A4F7556}") = "ContaBancaria", "ContaBancaria\ContaBancaria.csproj", "{A483976D-69A8-4274-B12F-6B83E6A01DE6}"
EndProject
Project("{9A19103F-16F7-4668-BE54-9A1E7A4F7556}") = "Estrutura de Dados", "Estrutura de Dados\Estrutura de Dados.csproj", "{7538DEE7-0E1C-4BFD-B285-1A39469DEE76}"
EndProject
Project("{9A19103F-16F7-4668-BE54-9A1E7A4F7556}") = "Encapsulamento", "UdemyEncapsulamento\Encapsulamento.csproj", "{B8A0201D-D34D-4870-B51F-D91699303862}"
EndProject
Global
	GlobalSection(SolutionConfigurationPlatforms) = preSolution
		Debug|Any CPU = Debug|Any CPU
		Release|Any CPU = Release|Any CPU
	EndGlobalSection
	GlobalSection(ProjectConfigurationPlatforms) = postSolution
		{A483976D-69A8-4274-B12F-6B83E6A01DE6}.Debug|Any CPU.ActiveCfg = Debug|Any CPU
		{A483976D-69A8-4274-B12F-6B83E6A01DE6}.Debug|Any CPU.Build.0 = Debug|Any CPU
		{A483976D-69A8-4274-B12F-6B83E6A01DE6}.Release|Any CPU.ActiveCfg = Release|Any CPU
		{A483976D-69A8-4274-B12F-6B83E6A01DE6}.Release|Any CPU.Build.0 = Release|Any CPU
		{7538DEE7-0E1C-4BFD-B285-1A39469DEE76}.Debug|Any CPU.ActiveCfg = Debug|Any CPU
		{7538DEE7-0E1C-4BFD-B285-1A39469DEE76}.Debug|Any CPU.Build.0 = Debug|Any CPU
		{7538DEE7-0E1C-4BFD-B285-1A39469DEE76}.Release|Any CPU.ActiveCfg = Release|Any CPU
		{7538DEE7-0E1C-4BFD-B285-1A39469DEE76}.Release|Any CPU.Build.0 = Release|Any CPU
		{B8A0201D-D34D-4870-B51F-D91699303862}.Debug|Any CPU.ActiveCfg = Debug|Any CPU
		{B8A0201D-D34D-4870-B51F-D91699303862}.Debug|Any CPU.Build.0 = Debug|Any CPU
		{B8A0201D-D34D-4870-B51F-D91699303862}.Release|Any CPU.ActiveCfg = Release|Any CPU
		{B8A0201D-D34D-4870-B51F-D91699303862}.Release|Any CPU.Build.0 = Release|Any CPU
	EndGlobalSection
	GlobalSection(SolutionProperties) = preSolution
		HideSolutionNode = FALSE
	EndGlobalSection
	GlobalSection(ExtensibilityGlobals) = postSolution
		SolutionGuid = {30CFA814-2AAB-40CA-8358-2320EBFB2E65}
	EndGlobalSection
EndGlobal
